
Microsoft Visual Studio Solution File, Format Version 12.00
# Visual Studio Version 16
VisualStudioVersion = 16.0.31320.298
MinimumVisualStudioVersion = 10.0.40219.1
Project("{FAE04EC0-301F-11D3-BF4B-00C04F79EFBC}") = "BlazorTest.Server", "Server\BlazorTest.Server.csproj", "{BBE78681-0C5C-4EEA-8A8A-A55DF832F99F}"
EndProject
Project("{FAE04EC0-301F-11D3-BF4B-00C04F79EFBC}") = "BlazorTest.Client", "Client\BlazorTest.Client.csproj", "{302BDB57-850B-4F6C-9CC8-FAB94CC52E7E}"
EndProject
Project("{FAE04EC0-301F-11D3-BF4B-00C04F79EFBC}") = "BlazorTest.Shared", "Shared\BlazorTest.Shared.csproj", "{A69DD2B1-A42D-491C-B48C-4699FFEBACAD}"
EndProject
Global
	GlobalSection(SolutionConfigurationPlatforms) = preSolution
		Debug|Any CPU = Debug|Any CPU
		Release|Any CPU = Release|Any CPU
	EndGlobalSection
	GlobalSection(ProjectConfigurationPlatforms) = postSolution
		{BBE78681-0C5C-4EEA-8A8A-A55DF832F99F}.Debug|Any CPU.ActiveCfg = Debug|Any CPU
		{BBE78681-0C5C-4EEA-8A8A-A55DF832F99F}.Debug|Any CPU.Build.0 = Debug|Any CPU
		{BBE78681-0C5C-4EEA-8A8A-A55DF832F99F}.Release|Any CPU.ActiveCfg = Release|Any CPU
		{BBE78681-0C5C-4EEA-8A8A-A55DF832F99F}.Release|Any CPU.Build.0 = Release|Any CPU
		{302BDB57-850B-4F6C-9CC8-FAB94CC52E7E}.Debug|Any CPU.ActiveCfg = Debug|Any CPU
		{302BDB57-850B-4F6C-9CC8-FAB94CC52E7E}.Debug|Any CPU.Build.0 = Debug|Any CPU
		{302BDB57-850B-4F6C-9CC8-FAB94CC52E7E}.Release|Any CPU.ActiveCfg = Release|Any CPU
		{302BDB57-850B-4F6C-9CC8-FAB94CC52E7E}.Release|Any CPU.Build.0 = Release|Any CPU
		{A69DD2B1-A42D-491C-B48C-4699FFEBACAD}.Debug|Any CPU.ActiveCfg = Debug|Any CPU
		{A69DD2B1-A42D-491C-B48C-4699FFEBACAD}.Debug|Any CPU.Build.0 = Debug|Any CPU
		{A69DD2B1-A42D-491C-B48C-4699FFEBACAD}.Release|Any CPU.ActiveCfg = Release|Any CPU
		{A69DD2B1-A42D-491C-B48C-4699FFEBACAD}.Release|Any CPU.Build.0 = Release|Any CPU
	EndGlobalSection
	GlobalSection(SolutionProperties) = preSolution
		HideSolutionNode = FALSE
	EndGlobalSection
	GlobalSection(ExtensibilityGlobals) = postSolution
		SolutionGuid = {43CC0C4C-F322-4251-89D7-7C0916935A79}
	EndGlobalSection
EndGlobal
